
Microsoft Visual Studio Solution File, Format Version 12.00
# Visual Studio Version 16
VisualStudioVersion = 16.0.32106.194
MinimumVisualStudioVersion = 10.0.40219.1
Project("{FAE04EC0-301F-11D3-BF4B-00C04F79EFBC}") = "TempElementsConsoleApp", "TempElementsConsoleApp\TempElementsConsoleApp.csproj", "{217617F8-3E85-4257-84EC-10AC8865DA1C}"
EndProject
Project("{FAE04EC0-301F-11D3-BF4B-00C04F79EFBC}") = "TempElementsLib", "TempElementsLib\TempElementsLib.csproj", "{1EA07C16-1D3F-41D0-9589-AE2FC53F38C9}"
EndProject
Global
	GlobalSection(SolutionConfigurationPlatforms) = preSolution
		Debug|Any CPU = Debug|Any CPU
		Release|Any CPU = Release|Any CPU
	EndGlobalSection
	GlobalSection(ProjectConfigurationPlatforms) = postSolution
		{217617F8-3E85-4257-84EC-10AC8865DA1C}.Debug|Any CPU.ActiveCfg = Debug|Any CPU
		{217617F8-3E85-4257-84EC-10AC8865DA1C}.Debug|Any CPU.Build.0 = Debug|Any CPU
		{217617F8-3E85-4257-84EC-10AC8865DA1C}.Release|Any CPU.ActiveCfg = Release|Any CPU
		{217617F8-3E85-4257-84EC-10AC8865DA1C}.Release|Any CPU.Build.0 = Release|Any CPU
		{1EA07C16-1D3F-41D0-9589-AE2FC53F38C9}.Debug|Any CPU.ActiveCfg = Debug|Any CPU
		{1EA07C16-1D3F-41D0-9589-AE2FC53F38C9}.Debug|Any CPU.Build.0 = Debug|Any CPU
		{1EA07C16-1D3F-41D0-9589-AE2FC53F38C9}.Release|Any CPU.ActiveCfg = Release|Any CPU
		{1EA07C16-1D3F-41D0-9589-AE2FC53F38C9}.Release|Any CPU.Build.0 = Release|Any CPU
	EndGlobalSection
	GlobalSection(SolutionProperties) = preSolution
		HideSolutionNode = FALSE
	EndGlobalSection
	GlobalSection(ExtensibilityGlobals) = postSolution
		SolutionGuid = {88408FBE-04EF-4CB6-B723-DE18D746D5E0}
	EndGlobalSection
EndGlobal
